
Microsoft Visual Studio Solution File, Format Version 12.00
# Visual Studio Version 16
VisualStudioVersion = 16.0.31829.152
MinimumVisualStudioVersion = 10.0.40219.1
Project("{FAE04EC0-301F-11D3-BF4B-00C04F79EFBC}") = "ProjetoLoja", "ProjetoLoja.csproj", "{FB34EEA5-AAED-44EB-866A-DD572652FB0E}"
EndProject
Global
	GlobalSection(SolutionConfigurationPlatforms) = preSolution
		Debug|Any CPU = Debug|Any CPU
		Release|Any CPU = Release|Any CPU
	EndGlobalSection
	GlobalSection(ProjectConfigurationPlatforms) = postSolution
		{FB34EEA5-AAED-44EB-866A-DD572652FB0E}.Debug|Any CPU.ActiveCfg = Debug|Any CPU
		{FB34EEA5-AAED-44EB-866A-DD572652FB0E}.Debug|Any CPU.Build.0 = Debug|Any CPU
		{FB34EEA5-AAED-44EB-866A-DD572652FB0E}.Release|Any CPU.ActiveCfg = Release|Any CPU
		{FB34EEA5-AAED-44EB-866A-DD572652FB0E}.Release|Any CPU.Build.0 = Release|Any CPU
	EndGlobalSection
	GlobalSection(SolutionProperties) = preSolution
		HideSolutionNode = FALSE
	EndGlobalSection
	GlobalSection(ExtensibilityGlobals) = postSolution
		SolutionGuid = {0885842F-6419-4D03-917B-DDAF178245FB}
	EndGlobalSection
EndGlobal
